
Microsoft Visual Studio Solution File, Format Version 12.00
# Visual Studio Version 16
VisualStudioVersion = 16.0.31624.102
MinimumVisualStudioVersion = 10.0.40219.1
Project("{FAE04EC0-301F-11D3-BF4B-00C04F79EFBC}") = "KullanicidanGirilen5Sayi", "KullanicidanGirilen5Sayi\KullanicidanGirilen5Sayi.csproj", "{F786AF05-83D9-44E5-8832-0D8F371361D8}"
EndProject
Global
	GlobalSection(SolutionConfigurationPlatforms) = preSolution
		Debug|Any CPU = Debug|Any CPU
		Release|Any CPU = Release|Any CPU
	EndGlobalSection
	GlobalSection(ProjectConfigurationPlatforms) = postSolution
		{F786AF05-83D9-44E5-8832-0D8F371361D8}.Debug|Any CPU.ActiveCfg = Debug|Any CPU
		{F786AF05-83D9-44E5-8832-0D8F371361D8}.Debug|Any CPU.Build.0 = Debug|Any CPU
		{F786AF05-83D9-44E5-8832-0D8F371361D8}.Release|Any CPU.ActiveCfg = Release|Any CPU
		{F786AF05-83D9-44E5-8832-0D8F371361D8}.Release|Any CPU.Build.0 = Release|Any CPU
	EndGlobalSection
	GlobalSection(SolutionProperties) = preSolution
		HideSolutionNode = FALSE
	EndGlobalSection
	GlobalSection(ExtensibilityGlobals) = postSolution
		SolutionGuid = {AEFF7B51-A898-4C27-A115-4974AACE5E60}
	EndGlobalSection
EndGlobal
