
Microsoft Visual Studio Solution File, Format Version 12.00
# Visual Studio Version 16
VisualStudioVersion = 16.0.31624.102
MinimumVisualStudioVersion = 10.0.40219.1
Project("{FAE04EC0-301F-11D3-BF4B-00C04F79EFBC}") = "SayininRakamlariniToplayanProgram", "SayininRakamlariniToplayanProgram\SayininRakamlariniToplayanProgram.csproj", "{1E80190A-401B-4C57-AF96-AC290C6D3855}"
EndProject
Global
	GlobalSection(SolutionConfigurationPlatforms) = preSolution
		Debug|Any CPU = Debug|Any CPU
		Release|Any CPU = Release|Any CPU
	EndGlobalSection
	GlobalSection(ProjectConfigurationPlatforms) = postSolution
		{1E80190A-401B-4C57-AF96-AC290C6D3855}.Debug|Any CPU.ActiveCfg = Debug|Any CPU
		{1E80190A-401B-4C57-AF96-AC290C6D3855}.Debug|Any CPU.Build.0 = Debug|Any CPU
		{1E80190A-401B-4C57-AF96-AC290C6D3855}.Release|Any CPU.ActiveCfg = Release|Any CPU
		{1E80190A-401B-4C57-AF96-AC290C6D3855}.Release|Any CPU.Build.0 = Release|Any CPU
	EndGlobalSection
	GlobalSection(SolutionProperties) = preSolution
		HideSolutionNode = FALSE
	EndGlobalSection
	GlobalSection(ExtensibilityGlobals) = postSolution
		SolutionGuid = {73A789C3-A439-409F-AA0A-C45D492E77FA}
	EndGlobalSection
EndGlobal
