
Microsoft Visual Studio Solution File, Format Version 12.00
# Visual Studio Version 16
VisualStudioVersion = 16.0.30517.126
MinimumVisualStudioVersion = 10.0.40219.1
Project("{FAE04EC0-301F-11D3-BF4B-00C04F79EFBC}") = "oylesine", "oylesine\oylesine.csproj", "{4F13D859-064F-43D6-B48F-73835FB4DEC9}"
EndProject
Global
	GlobalSection(SolutionConfigurationPlatforms) = preSolution
		Debug|Any CPU = Debug|Any CPU
		Release|Any CPU = Release|Any CPU
	EndGlobalSection
	GlobalSection(ProjectConfigurationPlatforms) = postSolution
		{4F13D859-064F-43D6-B48F-73835FB4DEC9}.Debug|Any CPU.ActiveCfg = Debug|Any CPU
		{4F13D859-064F-43D6-B48F-73835FB4DEC9}.Debug|Any CPU.Build.0 = Debug|Any CPU
		{4F13D859-064F-43D6-B48F-73835FB4DEC9}.Release|Any CPU.ActiveCfg = Release|Any CPU
		{4F13D859-064F-43D6-B48F-73835FB4DEC9}.Release|Any CPU.Build.0 = Release|Any CPU
	EndGlobalSection
	GlobalSection(SolutionProperties) = preSolution
		HideSolutionNode = FALSE
	EndGlobalSection
	GlobalSection(ExtensibilityGlobals) = postSolution
		SolutionGuid = {43E4C1DC-6014-4377-A749-06EBAFAA0553}
	EndGlobalSection
EndGlobal
